
Microsoft Visual Studio Solution File, Format Version 12.00
# Visual Studio Version 16
VisualStudioVersion = 16.0.31702.278
MinimumVisualStudioVersion = 10.0.40219.1
Project("{FAE04EC0-301F-11D3-BF4B-00C04F79EFBC}") = "Task06", "Task06\Task06.csproj", "{C92B4475-C49C-4662-BDE0-878628BD2BC7}"
EndProject
Project("{FAE04EC0-301F-11D3-BF4B-00C04F79EFBC}") = "Task06-U38", "Task06-U38\Task06-U38.csproj", "{EC7F4B3D-4E8F-4CC4-B903-73280C9CC91B}"
EndProject
Project("{FAE04EC0-301F-11D3-BF4B-00C04F79EFBC}") = "Task06-U39", "Task06-U39\Task06-U39.csproj", "{12E2F574-CDDA-422D-A721-678351AD3A3B}"
EndProject
Project("{FAE04EC0-301F-11D3-BF4B-00C04F79EFBC}") = "Task06-U40", "Task06-U40\Task06-U40.csproj", "{33FDD447-0C77-4D45-90C0-C1DE8589F5BF}"
EndProject
Project("{FAE04EC0-301F-11D3-BF4B-00C04F79EFBC}") = "Task06-U41", "Task06-U41\Task06-U41.csproj", "{D1E7817B-3C78-485E-A14B-7ACD93AA9934}"
EndProject
Project("{FAE04EC0-301F-11D3-BF4B-00C04F79EFBC}") = "Task06-U42", "Task06-U42\Task06-U42.csproj", "{3024233B-FC86-454E-8A88-ADBA3D65215E}"
EndProject
Global
	GlobalSection(SolutionConfigurationPlatforms) = preSolution
		Debug|ARM = Debug|ARM
		Debug|ARM64 = Debug|ARM64
		Debug|x64 = Debug|x64
		Debug|x86 = Debug|x86
		Release|ARM = Release|ARM
		Release|ARM64 = Release|ARM64
		Release|x64 = Release|x64
		Release|x86 = Release|x86
	EndGlobalSection
	GlobalSection(ProjectConfigurationPlatforms) = postSolution
		{C92B4475-C49C-4662-BDE0-878628BD2BC7}.Debug|ARM.ActiveCfg = Debug|ARM
		{C92B4475-C49C-4662-BDE0-878628BD2BC7}.Debug|ARM.Build.0 = Debug|ARM
		{C92B4475-C49C-4662-BDE0-878628BD2BC7}.Debug|ARM.Deploy.0 = Debug|ARM
		{C92B4475-C49C-4662-BDE0-878628BD2BC7}.Debug|ARM64.ActiveCfg = Debug|ARM64
		{C92B4475-C49C-4662-BDE0-878628BD2BC7}.Debug|ARM64.Build.0 = Debug|ARM64
		{C92B4475-C49C-4662-BDE0-878628BD2BC7}.Debug|ARM64.Deploy.0 = Debug|ARM64
		{C92B4475-C49C-4662-BDE0-878628BD2BC7}.Debug|x64.ActiveCfg = Debug|x64
		{C92B4475-C49C-4662-BDE0-878628BD2BC7}.Debug|x64.Build.0 = Debug|x64
		{C92B4475-C49C-4662-BDE0-878628BD2BC7}.Debug|x64.Deploy.0 = Debug|x64
		{C92B4475-C49C-4662-BDE0-878628BD2BC7}.Debug|x86.ActiveCfg = Debug|x86
		{C92B4475-C49C-4662-BDE0-878628BD2BC7}.Debug|x86.Build.0 = Debug|x86
		{C92B4475-C49C-4662-BDE0-878628BD2BC7}.Debug|x86.Deploy.0 = Debug|x86
		{C92B4475-C49C-4662-BDE0-878628BD2BC7}.Release|ARM.ActiveCfg = Release|ARM
		{C92B4475-C49C-4662-BDE0-878628BD2BC7}.Release|ARM.Build.0 = Release|ARM
		{C92B4475-C49C-4662-BDE0-878628BD2BC7}.Release|ARM.Deploy.0 = Release|ARM
		{C92B4475-C49C-4662-BDE0-878628BD2BC7}.Release|ARM64.ActiveCfg = Release|ARM64
		{C92B4475-C49C-4662-BDE0-878628BD2BC7}.Release|ARM64.Build.0 = Release|ARM64
		{C92B4475-C49C-4662-BDE0-878628BD2BC7}.Release|ARM64.Deploy.0 = Release|ARM64
		{C92B4475-C49C-4662-BDE0-878628BD2BC7}.Release|x64.ActiveCfg = Release|x64
		{C92B4475-C49C-4662-BDE0-878628BD2BC7}.Release|x64.Build.0 = Release|x64
		{C92B4475-C49C-4662-BDE0-878628BD2BC7}.Release|x64.Deploy.0 = Release|x64
		{C92B4475-C49C-4662-BDE0-878628BD2BC7}.Release|x86.ActiveCfg = Release|x86
		{C92B4475-C49C-4662-BDE0-878628BD2BC7}.Release|x86.Build.0 = Release|x86
		{C92B4475-C49C-4662-BDE0-878628BD2BC7}.Release|x86.Deploy.0 = Release|x86
		{EC7F4B3D-4E8F-4CC4-B903-73280C9CC91B}.Debug|ARM.ActiveCfg = Debug|ARM
		{EC7F4B3D-4E8F-4CC4-B903-73280C9CC91B}.Debug|ARM.Build.0 = Debug|ARM
		{EC7F4B3D-4E8F-4CC4-B903-73280C9CC91B}.Debug|ARM.Deploy.0 = Debug|ARM
		{EC7F4B3D-4E8F-4CC4-B903-73280C9CC91B}.Debug|ARM64.ActiveCfg = Debug|ARM64
		{EC7F4B3D-4E8F-4CC4-B903-73280C9CC91B}.Debug|ARM64.Build.0 = Debug|ARM64
		{EC7F4B3D-4E8F-4CC4-B903-73280C9CC91B}.Debug|ARM64.Deploy.0 = Debug|ARM64
		{EC7F4B3D-4E8F-4CC4-B903-73280C9CC91B}.Debug|x64.ActiveCfg = Debug|x64
		{EC7F4B3D-4E8F-4CC4-B903-73280C9CC91B}.Debug|x64.Build.0 = Debug|x64
		{EC7F4B3D-4E8F-4CC4-B903-73280C9CC91B}.Debug|x64.Deploy.0 = Debug|x64
		{EC7F4B3D-4E8F-4CC4-B903-73280C9CC91B}.Debug|x86.ActiveCfg = Debug|x86
		{EC7F4B3D-4E8F-4CC4-B903-73280C9CC91B}.Debug|x86.Build.0 = Debug|x86
		{EC7F4B3D-4E8F-4CC4-B903-73280C9CC91B}.Debug|x86.Deploy.0 = Debug|x86
		{EC7F4B3D-4E8F-4CC4-B903-73280C9CC91B}.Release|ARM.ActiveCfg = Release|ARM
		{EC7F4B3D-4E8F-4CC4-B903-73280C9CC91B}.Release|ARM.Build.0 = Release|ARM
		{EC7F4B3D-4E8F-4CC4-B903-73280C9CC91B}.Release|ARM.Deploy.0 = Release|ARM
		{EC7F4B3D-4E8F-4CC4-B903-73280C9CC91B}.Release|ARM64.ActiveCfg = Release|ARM64
		{EC7F4B3D-4E8F-4CC4-B903-73280C9CC91B}.Release|ARM64.Build.0 = Release|ARM64
		{EC7F4B3D-4E8F-4CC4-B903-73280C9CC91B}.Release|ARM64.Deploy.0 = Release|ARM64
		{EC7F4B3D-4E8F-4CC4-B903-73280C9CC91B}.Release|x64.ActiveCfg = Release|x64
		{EC7F4B3D-4E8F-4CC4-B903-73280C9CC91B}.Release|x64.Build.0 = Release|x64
		{EC7F4B3D-4E8F-4CC4-B903-73280C9CC91B}.Release|x64.Deploy.0 = Release|x64
		{EC7F4B3D-4E8F-4CC4-B903-73280C9CC91B}.Release|x86.ActiveCfg = Release|x86
		{EC7F4B3D-4E8F-4CC4-B903-73280C9CC91B}.Release|x86.Build.0 = Release|x86
		{EC7F4B3D-4E8F-4CC4-B903-73280C9CC91B}.Release|x86.Deploy.0 = Release|x86
		{12E2F574-CDDA-422D-A721-678351AD3A3B}.Debug|ARM.ActiveCfg = Debug|ARM
		{12E2F574-CDDA-422D-A721-678351AD3A3B}.Debug|ARM.Build.0 = Debug|ARM
		{12E2F574-CDDA-422D-A721-678351AD3A3B}.Debug|ARM.Deploy.0 = Debug|ARM
		{12E2F574-CDDA-422D-A721-678351AD3A3B}.Debug|ARM64.ActiveCfg = Debug|ARM64
		{12E2F574-CDDA-422D-A721-678351AD3A3B}.Debug|ARM64.Build.0 = Debug|ARM64
		{12E2F574-CDDA-422D-A721-678351AD3A3B}.Debug|ARM64.Deploy.0 = Debug|ARM64
		{12E2F574-CDDA-422D-A721-678351AD3A3B}.Debug|x64.ActiveCfg = Debug|x64
		{12E2F574-CDDA-422D-A721-678351AD3A3B}.Debug|x64.Build.0 = Debug|x64
		{12E2F574-CDDA-422D-A721-678351AD3A3B}.Debug|x64.Deploy.0 = Debug|x64
		{12E2F574-CDDA-422D-A721-678351AD3A3B}.Debug|x86.ActiveCfg = Debug|x86
		{12E2F574-CDDA-422D-A721-678351AD3A3B}.Debug|x86.Build.0 = Debug|x86
		{12E2F574-CDDA-422D-A721-678351AD3A3B}.Debug|x86.Deploy.0 = Debug|x86
		{12E2F574-CDDA-422D-A721-678351AD3A3B}.Release|ARM.ActiveCfg = Release|ARM
		{12E2F574-CDDA-422D-A721-678351AD3A3B}.Release|ARM.Build.0 = Release|ARM
		{12E2F574-CDDA-422D-A721-678351AD3A3B}.Release|ARM.Deploy.0 = Release|ARM
		{12E2F574-CDDA-422D-A721-678351AD3A3B}.Release|ARM64.ActiveCfg = Release|ARM64
		{12E2F574-CDDA-422D-A721-678351AD3A3B}.Release|ARM64.Build.0 = Release|ARM64
		{12E2F574-CDDA-422D-A721-678351AD3A3B}.Release|ARM64.Deploy.0 = Release|ARM64
		{12E2F574-CDDA-422D-A721-678351AD3A3B}.Release|x64.ActiveCfg = Release|x64
		{12E2F574-CDDA-422D-A721-678351AD3A3B}.Release|x64.Build.0 = Release|x64
		{12E2F574-CDDA-422D-A721-678351AD3A3B}.Release|x64.Deploy.0 = Release|x64
		{12E2F574-CDDA-422D-A721-678351AD3A3B}.Release|x86.ActiveCfg = Release|x86
		{12E2F574-CDDA-422D-A721-678351AD3A3B}.Release|x86.Build.0 = Release|x86
		{12E2F574-CDDA-422D-A721-678351AD3A3B}.Release|x86.Deploy.0 = Release|x86
		{33FDD447-0C77-4D45-90C0-C1DE8589F5BF}.Debug|ARM.ActiveCfg = Debug|ARM
		{33FDD447-0C77-4D45-90C0-C1DE8589F5BF}.Debug|ARM.Build.0 = Debug|ARM
		{33FDD447-0C77-4D45-90C0-C1DE8589F5BF}.Debug|ARM.Deploy.0 = Debug|ARM
		{33FDD447-0C77-4D45-90C0-C1DE8589F5BF}.Debug|ARM64.ActiveCfg = Debug|ARM64
		{33FDD447-0C77-4D45-90C0-C1DE8589F5BF}.Debug|ARM64.Build.0 = Debug|ARM64
		{33FDD447-0C77-4D45-90C0-C1DE8589F5BF}.Debug|ARM64.Deploy.0 = Debug|ARM64
		{33FDD447-0C77-4D45-90C0-C1DE8589F5BF}.Debug|x64.ActiveCfg = Debug|x64
		{33FDD447-0C77-4D45-90C0-C1DE8589F5BF}.Debug|x64.Build.0 = Debug|x64
		{33FDD447-0C77-4D45-90C0-C1DE8589F5BF}.Debug|x64.Deploy.0 = Debug|x64
		{33FDD447-0C77-4D45-90C0-C1DE8589F5BF}.Debug|x86.ActiveCfg = Debug|x86
		{33FDD447-0C77-4D45-90C0-C1DE8589F5BF}.Debug|x86.Build.0 = Debug|x86
		{33FDD447-0C77-4D45-90C0-C1DE8589F5BF}.Debug|x86.Deploy.0 = Debug|x86
		{33FDD447-0C77-4D45-90C0-C1DE8589F5BF}.Release|ARM.ActiveCfg = Release|ARM
		{33FDD447-0C77-4D45-90C0-C1DE8589F5BF}.Release|ARM.Build.0 = Release|ARM
		{33FDD447-0C77-4D45-90C0-C1DE8589F5BF}.Release|ARM.Deploy.0 = Release|ARM
		{33FDD447-0C77-4D45-90C0-C1DE8589F5BF}.Release|ARM64.ActiveCfg = Release|ARM64
		{33FDD447-0C77-4D45-90C0-C1DE8589F5BF}.Release|ARM64.Build.0 = Release|ARM64
		{33FDD447-0C77-4D45-90C0-C1DE8589F5BF}.Release|ARM64.Deploy.0 = Release|ARM64
		{33FDD447-0C77-4D45-90C0-C1DE8589F5BF}.Release|x64.ActiveCfg = Release|x64
		{33FDD447-0C77-4D45-90C0-C1DE8589F5BF}.Release|x64.Build.0 = Release|x64
		{33FDD447-0C77-4D45-90C0-C1DE8589F5BF}.Release|x64.Deploy.0 = Release|x64
		{33FDD447-0C77-4D45-90C0-C1DE8589F5BF}.Release|x86.ActiveCfg = Release|x86
		{33FDD447-0C77-4D45-90C0-C1DE8589F5BF}.Release|x86.Build.0 = Release|x86
		{33FDD447-0C77-4D45-90C0-C1DE8589F5BF}.Release|x86.Deploy.0 = Release|x86
		{D1E7817B-3C78-485E-A14B-7ACD93AA9934}.Debug|ARM.ActiveCfg = Debug|ARM
		{D1E7817B-3C78-485E-A14B-7ACD93AA9934}.Debug|ARM.Build.0 = Debug|ARM
		{D1E7817B-3C78-485E-A14B-7ACD93AA9934}.Debug|ARM.Deploy.0 = Debug|ARM
		{D1E7817B-3C78-485E-A14B-7ACD93AA9934}.Debug|ARM64.ActiveCfg = Debug|ARM64
		{D1E7817B-3C78-485E-A14B-7ACD93AA9934}.Debug|ARM64.Build.0 = Debug|ARM64
		{D1E7817B-3C78-485E-A14B-7ACD93AA9934}.Debug|ARM64.Deploy.0 = Debug|ARM64
		{D1E7817B-3C78-485E-A14B-7ACD93AA9934}.Debug|x64.ActiveCfg = Debug|x64
		{D1E7817B-3C78-485E-A14B-7ACD93AA9934}.Debug|x64.Build.0 = Debug|x64
		{D1E7817B-3C78-485E-A14B-7ACD93AA9934}.Debug|x64.Deploy.0 = Debug|x64
		{D1E7817B-3C78-485E-A14B-7ACD93AA9934}.Debug|x86.ActiveCfg = Debug|x86
		{D1E7817B-3C78-485E-A14B-7ACD93AA9934}.Debug|x86.Build.0 = Debug|x86
		{D1E7817B-3C78-485E-A14B-7ACD93AA9934}.Debug|x86.Deploy.0 = Debug|x86
		{D1E7817B-3C78-485E-A14B-7ACD93AA9934}.Release|ARM.ActiveCfg = Release|ARM
		{D1E7817B-3C78-485E-A14B-7ACD93AA9934}.Release|ARM.Build.0 = Release|ARM
		{D1E7817B-3C78-485E-A14B-7ACD93AA9934}.Release|ARM.Deploy.0 = Release|ARM
		{D1E7817B-3C78-485E-A14B-7ACD93AA9934}.Release|ARM64.ActiveCfg = Release|ARM64
		{D1E7817B-3C78-485E-A14B-7ACD93AA9934}.Release|ARM64.Build.0 = Release|ARM64
		{D1E7817B-3C78-485E-A14B-7ACD93AA9934}.Release|ARM64.Deploy.0 = Release|ARM64
		{D1E7817B-3C78-485E-A14B-7ACD93AA9934}.Release|x64.ActiveCfg = Release|x64
		{D1E7817B-3C78-485E-A14B-7ACD93AA9934}.Release|x64.Build.0 = Release|x64
		{D1E7817B-3C78-485E-A14B-7ACD93AA9934}.Release|x64.Deploy.0 = Release|x64
		{D1E7817B-3C78-485E-A14B-7ACD93AA9934}.Release|x86.ActiveCfg = Release|x86
		{D1E7817B-3C78-485E-A14B-7ACD93AA9934}.Release|x86.Build.0 = Release|x86
		{D1E7817B-3C78-485E-A14B-7ACD93AA9934}.Release|x86.Deploy.0 = Release|x86
		{3024233B-FC86-454E-8A88-ADBA3D65215E}.Debug|ARM.ActiveCfg = Debug|ARM
		{3024233B-FC86-454E-8A88-ADBA3D65215E}.Debug|ARM.Build.0 = Debug|ARM
		{3024233B-FC86-454E-8A88-ADBA3D65215E}.Debug|ARM.Deploy.0 = Debug|ARM
		{3024233B-FC86-454E-8A88-ADBA3D65215E}.Debug|ARM64.ActiveCfg = Debug|ARM64
		{3024233B-FC86-454E-8A88-ADBA3D65215E}.Debug|ARM64.Build.0 = Debug|ARM64
		{3024233B-FC86-454E-8A88-ADBA3D65215E}.Debug|ARM64.Deploy.0 = Debug|ARM64
		{3024233B-FC86-454E-8A88-ADBA3D65215E}.Debug|x64.ActiveCfg = Debug|x64
		{3024233B-FC86-454E-8A88-ADBA3D65215E}.Debug|x64.Build.0 = Debug|x64
		{3024233B-FC86-454E-8A88-ADBA3D65215E}.Debug|x64.Deploy.0 = Debug|x64
		{3024233B-FC86-454E-8A88-ADBA3D65215E}.Debug|x86.ActiveCfg = Debug|x86
		{3024233B-FC86-454E-8A88-ADBA3D65215E}.Debug|x86.Build.0 = Debug|x86
		{3024233B-FC86-454E-8A88-ADBA3D65215E}.Debug|x86.Deploy.0 = Debug|x86
		{3024233B-FC86-454E-8A88-ADBA3D65215E}.Release|ARM.ActiveCfg = Release|ARM
		{3024233B-FC86-454E-8A88-ADBA3D65215E}.Release|ARM.Build.0 = Release|ARM
		{3024233B-FC86-454E-8A88-ADBA3D65215E}.Release|ARM.Deploy.0 = Release|ARM
		{3024233B-FC86-454E-8A88-ADBA3D65215E}.Release|ARM64.ActiveCfg = Release|ARM64
		{3024233B-FC86-454E-8A88-ADBA3D65215E}.Release|ARM64.Build.0 = Release|ARM64
		{3024233B-FC86-454E-8A88-ADBA3D65215E}.Release|ARM64.Deploy.0 = Release|ARM64
		{3024233B-FC86-454E-8A88-ADBA3D65215E}.Release|x64.ActiveCfg = Release|x64
		{3024233B-FC86-454E-8A88-ADBA3D65215E}.Release|x64.Build.0 = Release|x64
		{3024233B-FC86-454E-8A88-ADBA3D65215E}.Release|x64.Deploy.0 = Release|x64
		{3024233B-FC86-454E-8A88-ADBA3D65215E}.Release|x86.ActiveCfg = Release|x86
		{3024233B-FC86-454E-8A88-ADBA3D65215E}.Release|x86.Build.0 = Release|x86
		{3024233B-FC86-454E-8A88-ADBA3D65215E}.Release|x86.Deploy.0 = Release|x86
	EndGlobalSection
	GlobalSection(SolutionProperties) = preSolution
		HideSolutionNode = FALSE
	EndGlobalSection
	GlobalSection(ExtensibilityGlobals) = postSolution
		SolutionGuid = {AB9B20C3-44A6-4FFA-945A-DBE3FA5ED4E6}
	EndGlobalSection
EndGlobal
